// !$*UTF8*$!
{
	archiveVersion = 1;
	classes = {
	};
	objectVersion = 46;
	objects = {

/* Begin PBXBuildFile section */
		2306A7C21C828B2A00CB26DF /* 138876430504438697227_BG17a_1280.jpg in Resources */ = {isa = PBXBuildFile; fileRef = 2306A7C11C828B2A00CB26DF /* 138876430504438697227_BG17a_1280.jpg */; };
		2306A7C41C828C4700CB26DF /* whiteback.png in Resources */ = {isa = PBXBuildFile; fileRef = 2306A7C31C828C4700CB26DF /* whiteback.png */; };
		23248FDF1C82C844005543C2 /* Kazesawa-Bold.ttf in Resources */ = {isa = PBXBuildFile; fileRef = 23248FDE1C82C844005543C2 /* Kazesawa-Bold.ttf */; };
		23248FE31C82C8CA005543C2 /* bokutachi.otf in Resources */ = {isa = PBXBuildFile; fileRef = 23248FE21C82C8CA005543C2 /* bokutachi.otf */; };
		23760D6B1C5DCB15005438D6 /* Default-568h@2x.png in Resources */ = {isa = PBXBuildFile; fileRef = 23760D681C5DCB15005438D6 /* Default-568h@2x.png */; };
		23760D6C1C5DCB15005438D6 /* Default-667h@2x.png in Resources */ = {isa = PBXBuildFile; fileRef = 23760D691C5DCB15005438D6 /* Default-667h@2x.png */; };
		23760D6D1C5DCB15005438D6 /* Default-736h@3x.png in Resources */ = {isa = PBXBuildFile; fileRef = 23760D6A1C5DCB15005438D6 /* Default-736h@3x.png */; };
		23760D6F1C5DCD3C005438D6 /* desk.png in Resources */ = {isa = PBXBuildFile; fileRef = 23760D6E1C5DCD3C005438D6 /* desk.png */; };
		238819141C7B046400FAD2E7 /* waku.png in Resources */ = {isa = PBXBuildFile; fileRef = 238819131C7B046400FAD2E7 /* waku.png */; };
		238AE5871D9132BE00E4DD42 /* 席替えチョーク文字３.png in Resources */ = {isa = PBXBuildFile; fileRef = 238AE5861D9132BE00E4DD42 /* 席替えチョーク文字３.png */; };
		2394732A1C818F3F00B664A4 /* SavePhotoViewController.swift in Sources */ = {isa = PBXBuildFile; fileRef = 239473291C818F3F00B664A4 /* SavePhotoViewController.swift */; };
		23955D811C7058080055A7B2 /* Main.storyboard in Resources */ = {isa = PBXBuildFile; fileRef = 23955D7F1C7058080055A7B2 /* Main.storyboard */; };
		23969C3D1C5DE31E001340C2 /* nodesk.png in Resources */ = {isa = PBXBuildFile; fileRef = 23969C3C1C5DE31E001340C2 /* nodesk.png */; };
		23969C3F1C5DE932001340C2 /* woman.png in Resources */ = {isa = PBXBuildFile; fileRef = 23969C3E1C5DE932001340C2 /* woman.png */; };
		23969C411C5DE95C001340C2 /* man.png in Resources */ = {isa = PBXBuildFile; fileRef = 23969C401C5DE95C001340C2 /* man.png */; };
		23C20A921C5C70E300ECE859 /* AppDelegate.swift in Sources */ = {isa = PBXBuildFile; fileRef = 23C20A911C5C70E300ECE859 /* AppDelegate.swift */; };
		23C20A941C5C70E300ECE859 /* ViewController.swift in Sources */ = {isa = PBXBuildFile; fileRef = 23C20A931C5C70E300ECE859 /* ViewController.swift */; };
		23C20A991C5C70E300ECE859 /* Assets.xcassets in Resources */ = {isa = PBXBuildFile; fileRef = 23C20A981C5C70E300ECE859 /* Assets.xcassets */; };
		23C20AA71C5C70E400ECE859 /* ___Tests.swift in Sources */ = {isa = PBXBuildFile; fileRef = 23C20AA61C5C70E400ECE859 /* ___Tests.swift */; };
		23C20AB21C5C70E400ECE859 /* ___UITests.swift in Sources */ = {isa = PBXBuildFile; fileRef = 23C20AB11C5C70E400ECE859 /* ___UITests.swift */; };
		23C20AFA1C5C865900ECE859 /* UsageViewController.swift in Sources */ = {isa = PBXBuildFile; fileRef = 23C20AF91C5C865900ECE859 /* UsageViewController.swift */; };
		23C20AFC1C5C87F600ECE859 /* InfoViewController.swift in Sources */ = {isa = PBXBuildFile; fileRef = 23C20AFB1C5C87F600ECE859 /* InfoViewController.swift */; };
		23C20AFE1C5C952300ECE859 /* NinzuuViewController.swift in Sources */ = {isa = PBXBuildFile; fileRef = 23C20AFD1C5C952300ECE859 /* NinzuuViewController.swift */; };
		23C20B001C5CA3F300ECE859 /* SekiHaitiViewController.swift in Sources */ = {isa = PBXBuildFile; fileRef = 23C20AFF1C5CA3F300ECE859 /* SekiHaitiViewController.swift */; };
		23C20B021C5CAC1900ECE859 /* M_WSetViewController.swift in Sources */ = {isa = PBXBuildFile; fileRef = 23C20B011C5CAC1900ECE859 /* M_WSetViewController.swift */; };
		23D2BE7F1C69E0A500ADCB90 /* SetNameViewController.swift in Sources */ = {isa = PBXBuildFile; fileRef = 23D2BE7E1C69E0A500ADCB90 /* SetNameViewController.swift */; };
		23D2BE811C6B23C100ADCB90 /* CheckViewController.swift in Sources */ = {isa = PBXBuildFile; fileRef = 23D2BE801C6B23C100ADCB90 /* CheckViewController.swift */; };
		23E2F6F91C7439F400F855B9 /* AppData.swift in Sources */ = {isa = PBXBuildFile; fileRef = 23E2F6F81C7439F400F855B9 /* AppData.swift */; };
		23E2F6FD1C75D07100F855B9 /* PD_DataConverter.swift in Sources */ = {isa = PBXBuildFile; fileRef = 23E2F6FC1C75D07100F855B9 /* PD_DataConverter.swift */; };
		23E989EB1C6F19E4001F656E /* ResultViewController.swift in Sources */ = {isa = PBXBuildFile; fileRef = 23E989EA1C6F19E4001F656E /* ResultViewController.swift */; };
		23F03A5E1C880DD900D6CADA /* iPhone4s.storyboard in Resources */ = {isa = PBXBuildFile; fileRef = 23F03A5D1C880DD900D6CADA /* iPhone4s.storyboard */; };
		23FC50A41C6DD2ED00BF6250 /* SeatSetViewController.swift in Sources */ = {isa = PBXBuildFile; fileRef = 23FC50A31C6DD2ED00BF6250 /* SeatSetViewController.swift */; };
		23FC50A91C6EEE5E00BF6250 /* SelectNameViewController.swift in Sources */ = {isa = PBXBuildFile; fileRef = 23FC50A81C6EEE5E00BF6250 /* SelectNameViewController.swift */; };
		23FCA8AF1C5DEE7D00409F9D /* People_Information.swift in Sources */ = {isa = PBXBuildFile; fileRef = 23FCA8AE1C5DEE7D00409F9D /* People_Information.swift */; };
/* End PBXBuildFile section */

/* Begin PBXContainerItemProxy section */
		23C20AA31C5C70E400ECE859 /* PBXContainerItemProxy */ = {
			isa = PBXContainerItemProxy;
			containerPortal = 23C20A861C5C70E300ECE859 /* Project object */;
			proxyType = 1;
			remoteGlobalIDString = 23C20A8D1C5C70E300ECE859;
			remoteInfo = "席替え";
		};
		23C20AAE1C5C70E400ECE859 /* PBXContainerItemProxy */ = {
			isa = PBXContainerItemProxy;
			containerPortal = 23C20A861C5C70E300ECE859 /* Project object */;
			proxyType = 1;
			remoteGlobalIDString = 23C20A8D1C5C70E300ECE859;
			remoteInfo = "席替え";
		};
/* End PBXContainerItemProxy section */

/* Begin PBXFileReference section */
		2306A7C11C828B2A00CB26DF /* 138876430504438697227_BG17a_1280.jpg */ = {isa = PBXFileReference; lastKnownFileType = image.jpeg; path = 138876430504438697227_BG17a_1280.jpg; sourceTree = "<group>"; };
		2306A7C31C828C4700CB26DF /* whiteback.png */ = {isa = PBXFileReference; lastKnownFileType = image.png; path = whiteback.png; sourceTree = "<group>"; };
		23248FDE1C82C844005543C2 /* Kazesawa-Bold.ttf */ = {isa = PBXFileReference; lastKnownFileType = file; path = "Kazesawa-Bold.ttf"; sourceTree = "<group>"; };
		23248FE21C82C8CA005543C2 /* bokutachi.otf */ = {isa = PBXFileReference; lastKnownFileType = file; path = bokutachi.otf; sourceTree = "<group>"; };
		23760D681C5DCB15005438D6 /* Default-568h@2x.png */ = {isa = PBXFileReference; lastKnownFileType = image.png; path = "Default-568h@2x.png"; sourceTree = "<group>"; };
		23760D691C5DCB15005438D6 /* Default-667h@2x.png */ = {isa = PBXFileReference; lastKnownFileType = image.png; path = "Default-667h@2x.png"; sourceTree = "<group>"; };
		23760D6A1C5DCB15005438D6 /* Default-736h@3x.png */ = {isa = PBXFileReference; lastKnownFileType = image.png; path = "Default-736h@3x.png"; sourceTree = "<group>"; };
		23760D6E1C5DCD3C005438D6 /* desk.png */ = {isa = PBXFileReference; lastKnownFileType = image.png; path = desk.png; sourceTree = "<group>"; };
		238819131C7B046400FAD2E7 /* waku.png */ = {isa = PBXFileReference; lastKnownFileType = image.png; path = waku.png; sourceTree = "<group>"; };
		238AE5861D9132BE00E4DD42 /* 席替えチョーク文字３.png */ = {isa = PBXFileReference; lastKnownFileType = image.png; path = "席替えチョーク文字３.png"; sourceTree = "<group>"; };
		239473291C818F3F00B664A4 /* SavePhotoViewController.swift */ = {isa = PBXFileReference; fileEncoding = 4; lastKnownFileType = sourcecode.swift; path = SavePhotoViewController.swift; sourceTree = "<group>"; };
		23955D801C7058080055A7B2 /* Base */ = {isa = PBXFileReference; lastKnownFileType = file.storyboard; name = Base; path = Base.lproj/Main.storyboard; sourceTree = "<group>"; };
		23969C3C1C5DE31E001340C2 /* nodesk.png */ = {isa = PBXFileReference; lastKnownFileType = image.png; path = nodesk.png; sourceTree = "<group>"; };
		23969C3E1C5DE932001340C2 /* woman.png */ = {isa = PBXFileReference; lastKnownFileType = image.png; path = woman.png; sourceTree = "<group>"; };
		23969C401C5DE95C001340C2 /* man.png */ = {isa = PBXFileReference; lastKnownFileType = image.png; path = man.png; sourceTree = "<group>"; };
		23C20A8E1C5C70E300ECE859 /* 席替え.app */ = {isa = PBXFileReference; explicitFileType = wrapper.application; includeInIndex = 0; path = "席替え.app"; sourceTree = BUILT_PRODUCTS_DIR; };
		23C20A911C5C70E300ECE859 /* AppDelegate.swift */ = {isa = PBXFileReference; lastKnownFileType = sourcecode.swift; path = AppDelegate.swift; sourceTree = "<group>"; };
		23C20A931C5C70E300ECE859 /* ViewController.swift */ = {isa = PBXFileReference; lastKnownFileType = sourcecode.swift; path = ViewController.swift; sourceTree = "<group>"; };
		23C20A981C5C70E300ECE859 /* Assets.xcassets */ = {isa = PBXFileReference; lastKnownFileType = folder.assetcatalog; path = Assets.xcassets; sourceTree = "<group>"; };
		23C20A9D1C5C70E400ECE859 /* Info.plist */ = {isa = PBXFileReference; lastKnownFileType = text.plist.xml; path = Info.plist; sourceTree = "<group>"; };
		23C20AA21C5C70E400ECE859 /* 席替えTests.xctest */ = {isa = PBXFileReference; explicitFileType = wrapper.cfbundle; includeInIndex = 0; path = "席替えTests.xctest"; sourceTree = BUILT_PRODUCTS_DIR; };
		23C20AA61C5C70E400ECE859 /* ___Tests.swift */ = {isa = PBXFileReference; lastKnownFileType = sourcecode.swift; path = "___Tests.swift"; sourceTree = "<group>"; };
		23C20AA81C5C70E400ECE859 /* Info.plist */ = {isa = PBXFileReference; lastKnownFileType = text.plist.xml; path = Info.plist; sourceTree = "<group>"; };
		23C20AAD1C5C70E400ECE859 /* 席替えUITests.xctest */ = {isa = PBXFileReference; explicitFileType = wrapper.cfbundle; includeInIndex = 0; path = "席替えUITests.xctest"; sourceTree = BUILT_PRODUCTS_DIR; };
		23C20AB11C5C70E400ECE859 /* ___UITests.swift */ = {isa = PBXFileReference; lastKnownFileType = sourcecode.swift; path = "___UITests.swift"; sourceTree = "<group>"; };
		23C20AB31C5C70E400ECE859 /* Info.plist */ = {isa = PBXFileReference; lastKnownFileType = text.plist.xml; path = Info.plist; sourceTree = "<group>"; };
		23C20AF91C5C865900ECE859 /* UsageViewController.swift */ = {isa = PBXFileReference; fileEncoding = 4; lastKnownFileType = sourcecode.swift; path = UsageViewController.swift; sourceTree = "<group>"; };
		23C20AFB1C5C87F600ECE859 /* InfoViewController.swift */ = {isa = PBXFileReference; fileEncoding = 4; lastKnownFileType = sourcecode.swift; path = InfoViewController.swift; sourceTree = "<group>"; };
		23C20AFD1C5C952300ECE859 /* NinzuuViewController.swift */ = {isa = PBXFileReference; fileEncoding = 4; lastKnownFileType = sourcecode.swift; path = NinzuuViewController.swift; sourceTree = "<group>"; };
		23C20AFF1C5CA3F300ECE859 /* SekiHaitiViewController.swift */ = {isa = PBXFileReference; fileEncoding = 4; lastKnownFileType = sourcecode.swift; path = SekiHaitiViewController.swift; sourceTree = "<group>"; };
		23C20B011C5CAC1900ECE859 /* M_WSetViewController.swift */ = {isa = PBXFileReference; fileEncoding = 4; lastKnownFileType = sourcecode.swift; path = M_WSetViewController.swift; sourceTree = "<group>"; };
		23D2BE7E1C69E0A500ADCB90 /* SetNameViewController.swift */ = {isa = PBXFileReference; fileEncoding = 4; lastKnownFileType = sourcecode.swift; path = SetNameViewController.swift; sourceTree = "<group>"; };
		23D2BE801C6B23C100ADCB90 /* CheckViewController.swift */ = {isa = PBXFileReference; fileEncoding = 4; lastKnownFileType = sourcecode.swift; name = CheckViewController.swift; path = ../CheckViewController.swift; sourceTree = "<group>"; };
		23E2F6F81C7439F400F855B9 /* AppData.swift */ = {isa = PBXFileReference; fileEncoding = 4; lastKnownFileType = sourcecode.swift; path = AppData.swift; sourceTree = "<group>"; };
		23E2F6FC1C75D07100F855B9 /* PD_DataConverter.swift */ = {isa = PBXFileReference; fileEncoding = 4; lastKnownFileType = sourcecode.swift; path = PD_DataConverter.swift; sourceTree = "<group>"; };
		23E989EA1C6F19E4001F656E /* ResultViewController.swift */ = {isa = PBXFileReference; fileEncoding = 4; lastKnownFileType = sourcecode.swift; path = ResultViewController.swift; sourceTree = "<group>"; };
		23F03A5D1C880DD900D6CADA /* iPhone4s.storyboard */ = {isa = PBXFileReference; fileEncoding = 4; lastKnownFileType = file.storyboard; path = iPhone4s.storyboard; sourceTree = "<group>"; };
		23FC50A31C6DD2ED00BF6250 /* SeatSetViewController.swift */ = {isa = PBXFileReference; fileEncoding = 4; lastKnownFileType = sourcecode.swift; path = SeatSetViewController.swift; sourceTree = "<group>"; };
		23FC50A81C6EEE5E00BF6250 /* SelectNameViewController.swift */ = {isa = PBXFileReference; fileEncoding = 4; lastKnownFileType = sourcecode.swift; path = SelectNameViewController.swift; sourceTree = "<group>"; };
		23FCA8AE1C5DEE7D00409F9D /* People_Information.swift */ = {isa = PBXFileReference; fileEncoding = 4; lastKnownFileType = sourcecode.swift; name = People_Information.swift; path = Resources/People_Information.swift; sourceTree = "<group>"; };
/* End PBXFileReference section */

/* Begin PBXFrameworksBuildPhase section */
		23C20A8B1C5C70E300ECE859 /* Frameworks */ = {
			isa = PBXFrameworksBuildPhase;
			buildActionMask = 2147483647;
			files = (
			);
			runOnlyForDeploymentPostprocessing = 0;
		};
		23C20A9F1C5C70E400ECE859 /* Frameworks */ = {
			isa = PBXFrameworksBuildPhase;
			buildActionMask = 2147483647;
			files = (
			);
			runOnlyForDeploymentPostprocessing = 0;
		};
		23C20AAA1C5C70E400ECE859 /* Frameworks */ = {
			isa = PBXFrameworksBuildPhase;
			buildActionMask = 2147483647;
			files = (
			);
			runOnlyForDeploymentPostprocessing = 0;
		};
/* End PBXFrameworksBuildPhase section */

/* Begin PBXGroup section */
		23760D641C5DB761005438D6 /* Resources */ = {
			isa = PBXGroup;
			children = (
				238819131C7B046400FAD2E7 /* waku.png */,
				23969C401C5DE95C001340C2 /* man.png */,
				23969C3E1C5DE932001340C2 /* woman.png */,
				23969C3C1C5DE31E001340C2 /* nodesk.png */,
				23760D6E1C5DCD3C005438D6 /* desk.png */,
				238AE5861D9132BE00E4DD42 /* 席替えチョーク文字３.png */,
				2306A7C11C828B2A00CB26DF /* 138876430504438697227_BG17a_1280.jpg */,
				2306A7C31C828C4700CB26DF /* whiteback.png */,
				23248FE21C82C8CA005543C2 /* bokutachi.otf */,
				23248FDE1C82C844005543C2 /* Kazesawa-Bold.ttf */,
			);
			path = Resources;
			sourceTree = "<group>";
		};
		23760D671C5DCB15005438D6 /* Defaults */ = {
			isa = PBXGroup;
			children = (
				23760D681C5DCB15005438D6 /* Default-568h@2x.png */,
				23760D691C5DCB15005438D6 /* Default-667h@2x.png */,
				23760D6A1C5DCB15005438D6 /* Default-736h@3x.png */,
			);
			name = Defaults;
			path = Resources/Defaults;
			sourceTree = "<group>";
		};
		23C20A851C5C70E300ECE859 = {
			isa = PBXGroup;
			children = (
				23C20A901C5C70E300ECE859 /* 席替え */,
				23C20AA51C5C70E400ECE859 /* 席替えTests */,
				23C20AB01C5C70E400ECE859 /* 席替えUITests */,
				23C20A8F1C5C70E300ECE859 /* Products */,
			);
			sourceTree = "<group>";
		};
		23C20A8F1C5C70E300ECE859 /* Products */ = {
			isa = PBXGroup;
			children = (
				23C20A8E1C5C70E300ECE859 /* 席替え.app */,
				23C20AA21C5C70E400ECE859 /* 席替えTests.xctest */,
				23C20AAD1C5C70E400ECE859 /* 席替えUITests.xctest */,
			);
			name = Products;
			sourceTree = "<group>";
		};
		23C20A901C5C70E300ECE859 /* 席替え */ = {
			isa = PBXGroup;
			children = (
				23760D671C5DCB15005438D6 /* Defaults */,
				23760D641C5DB761005438D6 /* Resources */,
				23955D7F1C7058080055A7B2 /* Main.storyboard */,
				23F03A5D1C880DD900D6CADA /* iPhone4s.storyboard */,
				23C20A9D1C5C70E400ECE859 /* Info.plist */,
				23C20A981C5C70E300ECE859 /* Assets.xcassets */,
				23E2F6F81C7439F400F855B9 /* AppData.swift */,
				23C20A911C5C70E300ECE859 /* AppDelegate.swift */,
				23D2BE801C6B23C100ADCB90 /* CheckViewController.swift */,
				23C20AFB1C5C87F600ECE859 /* InfoViewController.swift */,
				23C20B011C5CAC1900ECE859 /* M_WSetViewController.swift */,
				23C20AFD1C5C952300ECE859 /* NinzuuViewController.swift */,
				23E2F6FC1C75D07100F855B9 /* PD_DataConverter.swift */,
				23FCA8AE1C5DEE7D00409F9D /* People_Information.swift */,
				23E989EA1C6F19E4001F656E /* ResultViewController.swift */,
				23C20AFF1C5CA3F300ECE859 /* SekiHaitiViewController.swift */,
				23D2BE7E1C69E0A500ADCB90 /* SetNameViewController.swift */,
				23FC50A31C6DD2ED00BF6250 /* SeatSetViewController.swift */,
				23FC50A81C6EEE5E00BF6250 /* SelectNameViewController.swift */,
				239473291C818F3F00B664A4 /* SavePhotoViewController.swift */,
				23C20AF91C5C865900ECE859 /* UsageViewController.swift */,
				23C20A931C5C70E300ECE859 /* ViewController.swift */,
			);
			path = "席替え";
			sourceTree = "<group>";
		};
		23C20AA51C5C70E400ECE859 /* 席替えTests */ = {
			isa = PBXGroup;
			children = (
				23C20AA61C5C70E400ECE859 /* ___Tests.swift */,
				23C20AA81C5C70E400ECE859 /* Info.plist */,
			);
			path = "席替えTests";
			sourceTree = "<group>";
		};
		23C20AB01C5C70E400ECE859 /* 席替えUITests */ = {
			isa = PBXGroup;
			children = (
				23C20AB11C5C70E400ECE859 /* ___UITests.swift */,
				23C20AB31C5C70E400ECE859 /* Info.plist */,
			);
			path = "席替えUITests";
			sourceTree = "<group>";
		};
/* End PBXGroup section */

/* Begin PBXNativeTarget section */
		23C20A8D1C5C70E300ECE859 /* 席替え */ = {
			isa = PBXNativeTarget;
			buildConfigurationList = 23C20AB61C5C70E400ECE859 /* Build configuration list for PBXNativeTarget "席替え" */;
			buildPhases = (
				23C20A8A1C5C70E300ECE859 /* Sources */,
				23C20A8B1C5C70E300ECE859 /* Frameworks */,
				23C20A8C1C5C70E300ECE859 /* Resources */,
			);
			buildRules = (
			);
			dependencies = (
			);
			name = "席替え";
			productName = "席替え";
			productReference = 23C20A8E1C5C70E300ECE859 /* 席替え.app */;
			productType = "com.apple.product-type.application";
		};
		23C20AA11C5C70E400ECE859 /* 席替えTests */ = {
			isa = PBXNativeTarget;
			buildConfigurationList = 23C20AB91C5C70E400ECE859 /* Build configuration list for PBXNativeTarget "席替えTests" */;
			buildPhases = (
				23C20A9E1C5C70E400ECE859 /* Sources */,
				23C20A9F1C5C70E400ECE859 /* Frameworks */,
				23C20AA01C5C70E400ECE859 /* Resources */,
			);
			buildRules = (
			);
			dependencies = (
				23C20AA41C5C70E400ECE859 /* PBXTargetDependency */,
			);
			name = "席替えTests";
			productName = "席替えTests";
			productReference = 23C20AA21C5C70E400ECE859 /* 席替えTests.xctest */;
			productType = "com.apple.product-type.bundle.unit-test";
		};
		23C20AAC1C5C70E400ECE859 /* 席替えUITests */ = {
			isa = PBXNativeTarget;
			buildConfigurationList = 23C20ABC1C5C70E400ECE859 /* Build configuration list for PBXNativeTarget "席替えUITests" */;
			buildPhases = (
				23C20AA91C5C70E400ECE859 /* Sources */,
				23C20AAA1C5C70E400ECE859 /* Frameworks */,
				23C20AAB1C5C70E400ECE859 /* Resources */,
			);
			buildRules = (
			);
			dependencies = (
				23C20AAF1C5C70E400ECE859 /* PBXTargetDependency */,
			);
			name = "席替えUITests";
			productName = "席替えUITests";
			productReference = 23C20AAD1C5C70E400ECE859 /* 席替えUITests.xctest */;
			productType = "com.apple.product-type.bundle.ui-testing";
		};
/* End PBXNativeTarget section */

/* Begin PBXProject section */
		23C20A861C5C70E300ECE859 /* Project object */ = {
			isa = PBXProject;
			attributes = {
				LastSwiftUpdateCheck = 0720;
				LastUpgradeCheck = 0720;
				ORGANIZATIONNAME = "Tomatsu Junki";
				TargetAttributes = {
					23C20A8D1C5C70E300ECE859 = {
						CreatedOnToolsVersion = 7.2;
						DevelopmentTeam = NX2DZH5KC4;
					};
					23C20AA11C5C70E400ECE859 = {
						CreatedOnToolsVersion = 7.2;
						DevelopmentTeam = 4W3Y2683G6;
						TestTargetID = 23C20A8D1C5C70E300ECE859;
					};
					23C20AAC1C5C70E400ECE859 = {
						CreatedOnToolsVersion = 7.2;
						DevelopmentTeam = 4W3Y2683G6;
						TestTargetID = 23C20A8D1C5C70E300ECE859;
					};
				};
			};
			buildConfigurationList = 23C20A891C5C70E300ECE859 /* Build configuration list for PBXProject "席替え" */;
			compatibilityVersion = "Xcode 3.2";
			developmentRegion = English;
			hasScannedForEncodings = 0;
			knownRegions = (
				en,
				Base,
			);
			mainGroup = 23C20A851C5C70E300ECE859;
			productRefGroup = 23C20A8F1C5C70E300ECE859 /* Products */;
			projectDirPath = "";
			projectRoot = "";
			targets = (
				23C20A8D1C5C70E300ECE859 /* 席替え */,
				23C20AA11C5C70E400ECE859 /* 席替えTests */,
				23C20AAC1C5C70E400ECE859 /* 席替えUITests */,
			);
		};
/* End PBXProject section */

/* Begin PBXResourcesBuildPhase section */
		23C20A8C1C5C70E300ECE859 /* Resources */ = {
			isa = PBXResourcesBuildPhase;
			buildActionMask = 2147483647;
			files = (
				238819141C7B046400FAD2E7 /* waku.png in Resources */,
				23969C411C5DE95C001340C2 /* man.png in Resources */,
				23F03A5E1C880DD900D6CADA /* iPhone4s.storyboard in Resources */,
				23760D6C1C5DCB15005438D6 /* Default-667h@2x.png in Resources */,
				23955D811C7058080055A7B2 /* Main.storyboard in Resources */,
				23969C3D1C5DE31E001340C2 /* nodesk.png in Resources */,
				23760D6F1C5DCD3C005438D6 /* desk.png in Resources */,
				2306A7C21C828B2A00CB26DF /* 138876430504438697227_BG17a_1280.jpg in Resources */,
				2306A7C41C828C4700CB26DF /* whiteback.png in Resources */,
				23C20A991C5C70E300ECE859 /* Assets.xcassets in Resources */,
				23969C3F1C5DE932001340C2 /* woman.png in Resources */,
				23760D6B1C5DCB15005438D6 /* Default-568h@2x.png in Resources */,
				23760D6D1C5DCB15005438D6 /* Default-736h@3x.png in Resources */,
				23248FE31C82C8CA005543C2 /* bokutachi.otf in Resources */,
				238AE5871D9132BE00E4DD42 /* 席替えチョーク文字３.png in Resources */,
				23248FDF1C82C844005543C2 /* Kazesawa-Bold.ttf in Resources */,
			);
			runOnlyForDeploymentPostprocessing = 0;
		};
		23C20AA01C5C70E400ECE859 /* Resources */ = {
			isa = PBXResourcesBuildPhase;
			buildActionMask = 2147483647;
			files = (
			);
			runOnlyForDeploymentPostprocessing = 0;
		};
		23C20AAB1C5C70E400ECE859 /* Resources */ = {
			isa = PBXResourcesBuildPhase;
			buildActionMask = 2147483647;
			files = (
			);
			runOnlyForDeploymentPostprocessing = 0;
		};
/* End PBXResourcesBuildPhase section */

/* Begin PBXSourcesBuildPhase section */
		23C20A8A1C5C70E300ECE859 /* Sources */ = {
			isa = PBXSourcesBuildPhase;
			buildActionMask = 2147483647;
			files = (
				23FC50A91C6EEE5E00BF6250 /* SelectNameViewController.swift in Sources */,
				23C20AFE1C5C952300ECE859 /* NinzuuViewController.swift in Sources */,
				23E2F6F91C7439F400F855B9 /* AppData.swift in Sources */,
				23C20B021C5CAC1900ECE859 /* M_WSetViewController.swift in Sources */,
				23E989EB1C6F19E4001F656E /* ResultViewController.swift in Sources */,
				23E2F6FD1C75D07100F855B9 /* PD_DataConverter.swift in Sources */,
				2394732A1C818F3F00B664A4 /* SavePhotoViewController.swift in Sources */,
				23C20A941C5C70E300ECE859 /* ViewController.swift in Sources */,
				23D2BE7F1C69E0A500ADCB90 /* SetNameViewController.swift in Sources */,
				23C20B001C5CA3F300ECE859 /* SekiHaitiViewController.swift in Sources */,
				23FC50A41C6DD2ED00BF6250 /* SeatSetViewController.swift in Sources */,
				23C20AFA1C5C865900ECE859 /* UsageViewController.swift in Sources */,
				23C20AFC1C5C87F600ECE859 /* InfoViewController.swift in Sources */,
				23C20A921C5C70E300ECE859 /* AppDelegate.swift in Sources */,
				23FCA8AF1C5DEE7D00409F9D /* People_Information.swift in Sources */,
				23D2BE811C6B23C100ADCB90 /* CheckViewController.swift in Sources */,
			);
			runOnlyForDeploymentPostprocessing = 0;
		};
		23C20A9E1C5C70E400ECE859 /* Sources */ = {
			isa = PBXSourcesBuildPhase;
			buildActionMask = 2147483647;
			files = (
				23C20AA71C5C70E400ECE859 /* ___Tests.swift in Sources */,
			);
			runOnlyForDeploymentPostprocessing = 0;
		};
		23C20AA91C5C70E400ECE859 /* Sources */ = {
			isa = PBXSourcesBuildPhase;
			buildActionMask = 2147483647;
			files = (
				23C20AB21C5C70E400ECE859 /* ___UITests.swift in Sources */,
			);
			runOnlyForDeploymentPostprocessing = 0;
		};
/* End PBXSourcesBuildPhase section */

/* Begin PBXTargetDependency section */
		23C20AA41C5C70E400ECE859 /* PBXTargetDependency */ = {
			isa = PBXTargetDependency;
			target = 23C20A8D1C5C70E300ECE859 /* 席替え */;
			targetProxy = 23C20AA31C5C70E400ECE859 /* PBXContainerItemProxy */;
		};
		23C20AAF1C5C70E400ECE859 /* PBXTargetDependency */ = {
			isa = PBXTargetDependency;
			target = 23C20A8D1C5C70E300ECE859 /* 席替え */;
			targetProxy = 23C20AAE1C5C70E400ECE859 /* PBXContainerItemProxy */;
		};
/* End PBXTargetDependency section */

/* Begin PBXVariantGroup section */
		23955D7F1C7058080055A7B2 /* Main.storyboard */ = {
			isa = PBXVariantGroup;
			children = (
				23955D801C7058080055A7B2 /* Base */,
			);
			name = Main.storyboard;
			sourceTree = "<group>";
		};
/* End PBXVariantGroup section */

/* Begin XCBuildConfiguration section */
		23C20AB41C5C70E400ECE859 /* Debug */ = {
			isa = XCBuildConfiguration;
			buildSettings = {
				ALWAYS_SEARCH_USER_PATHS = NO;
				CLANG_CXX_LANGUAGE_STANDARD = "gnu++0x";
				CLANG_CXX_LIBRARY = "libc++";
				CLANG_ENABLE_MODULES = YES;
				CLANG_ENABLE_OBJC_ARC = YES;
				CLANG_WARN_BOOL_CONVERSION = YES;
				CLANG_WARN_CONSTANT_CONVERSION = YES;
				CLANG_WARN_DIRECT_OBJC_ISA_USAGE = YES_ERROR;
				CLANG_WARN_EMPTY_BODY = YES;
				CLANG_WARN_ENUM_CONVERSION = YES;
				CLANG_WARN_INT_CONVERSION = YES;
				CLANG_WARN_OBJC_ROOT_CLASS = YES_ERROR;
				CLANG_WARN_UNREACHABLE_CODE = YES;
				CLANG_WARN__DUPLICATE_METHOD_MATCH = YES;
				"CODE_SIGN_IDENTITY[sdk=iphoneos*]" = "iPhone Developer";
				COPY_PHASE_STRIP = NO;
				DEBUG_INFORMATION_FORMAT = dwarf;
				ENABLE_STRICT_OBJC_MSGSEND = YES;
				ENABLE_TESTABILITY = YES;
				GCC_C_LANGUAGE_STANDARD = gnu99;
				GCC_DYNAMIC_NO_PIC = NO;
				GCC_NO_COMMON_BLOCKS = YES;
				GCC_OPTIMIZATION_LEVEL = 0;
				GCC_PREPROCESSOR_DEFINITIONS = (
					"DEBUG=1",
					"$(inherited)",
				);
				GCC_WARN_64_TO_32_BIT_CONVERSION = YES;
				GCC_WARN_ABOUT_RETURN_TYPE = YES_ERROR;
				GCC_WARN_UNDECLARED_SELECTOR = YES;
				GCC_WARN_UNINITIALIZED_AUTOS = YES_AGGRESSIVE;
				GCC_WARN_UNUSED_FUNCTION = YES;
				GCC_WARN_UNUSED_VARIABLE = YES;
				IPHONEOS_DEPLOYMENT_TARGET = 9.2;
				MTL_ENABLE_DEBUG_INFO = YES;
				ONLY_ACTIVE_ARCH = YES;
				SDKROOT = iphoneos;
				SWIFT_OPTIMIZATION_LEVEL = "-Onone";
			};
			name = Debug;
		};
		23C20AB51C5C70E400ECE859 /* Release */ = {
			isa = XCBuildConfiguration;
			buildSettings = {
				ALWAYS_SEARCH_USER_PATHS = NO;
				CLANG_CXX_LANGUAGE_STANDARD = "gnu++0x";
				CLANG_CXX_LIBRARY = "libc++";
				CLANG_ENABLE_MODULES = YES;
				CLANG_ENABLE_OBJC_ARC = YES;
				CLANG_WARN_BOOL_CONVERSION = YES;
				CLANG_WARN_CONSTANT_CONVERSION = YES;
				CLANG_WARN_DIRECT_OBJC_ISA_USAGE = YES_ERROR;
				CLANG_WARN_EMPTY_BODY = YES;
				CLANG_WARN_ENUM_CONVERSION = YES;
				CLANG_WARN_INT_CONVERSION = YES;
				CLANG_WARN_OBJC_ROOT_CLASS = YES_ERROR;
				CLANG_WARN_UNREACHABLE_CODE = YES;
				CLANG_WARN__DUPLICATE_METHOD_MATCH = YES;
				"CODE_SIGN_IDENTITY[sdk=iphoneos*]" = "iPhone Developer";
				COPY_PHASE_STRIP = NO;
				DEBUG_INFORMATION_FORMAT = "dwarf-with-dsym";
				ENABLE_NS_ASSERTIONS = NO;
				ENABLE_STRICT_OBJC_MSGSEND = YES;
				GCC_C_LANGUAGE_STANDARD = gnu99;
				GCC_NO_COMMON_BLOCKS = YES;
				GCC_WARN_64_TO_32_BIT_CONVERSION = YES;
				GCC_WARN_ABOUT_RETURN_TYPE = YES_ERROR;
				GCC_WARN_UNDECLARED_SELECTOR = YES;
				GCC_WARN_UNINITIALIZED_AUTOS = YES_AGGRESSIVE;
				GCC_WARN_UNUSED_FUNCTION = YES;
				GCC_WARN_UNUSED_VARIABLE = YES;
				IPHONEOS_DEPLOYMENT_TARGET = 9.2;
				MTL_ENABLE_DEBUG_INFO = NO;
				SDKROOT = iphoneos;
				VALIDATE_PRODUCT = YES;
			};
			name = Release;
		};
		23C20AB71C5C70E400ECE859 /* Debug */ = {
			isa = XCBuildConfiguration;
			buildSettings = {
				ASSETCATALOG_COMPILER_APPICON_NAME = AppIcon;
				CODE_SIGN_IDENTITY = "iPhone Developer";
				INFOPLIST_FILE = "席替え/Info.plist";
				IPHONEOS_DEPLOYMENT_TARGET = 8.0;
				LD_RUNPATH_SEARCH_PATHS = "$(inherited) @executable_path/Frameworks";
				PRODUCT_BUNDLE_IDENTIFIER = "net.junki-t.SekigaeApp";
				PRODUCT_NAME = "$(TARGET_NAME)";
			};
			name = Debug;
		};
		23C20AB81C5C70E400ECE859 /* Release */ = {
			isa = XCBuildConfiguration;
			buildSettings = {
				ASSETCATALOG_COMPILER_APPICON_NAME = AppIcon;
				CODE_SIGN_IDENTITY = "iPhone Developer";
				INFOPLIST_FILE = "席替え/Info.plist";
				IPHONEOS_DEPLOYMENT_TARGET = 8.0;
				LD_RUNPATH_SEARCH_PATHS = "$(inherited) @executable_path/Frameworks";
				PRODUCT_BUNDLE_IDENTIFIER = "net.junki-t.SekigaeApp";
				PRODUCT_NAME = "$(TARGET_NAME)";
			};
			name = Release;
		};
		23C20ABA1C5C70E400ECE859 /* Debug */ = {
			isa = XCBuildConfiguration;
			buildSettings = {
				BUNDLE_LOADER = "$(TEST_HOST)";
				INFOPLIST_FILE = "席替えTests/Info.plist";
				LD_RUNPATH_SEARCH_PATHS = "$(inherited) @executable_path/Frameworks @loader_path/Frameworks";
				PRODUCT_BUNDLE_IDENTIFIER = "Tomatsu-Junki.---Tests";
				PRODUCT_NAME = "$(TARGET_NAME)";
				TEST_HOST = "$(BUILT_PRODUCTS_DIR)/席替え.app/席替え";
			};
			name = Debug;
		};
		23C20ABB1C5C70E400ECE859 /* Release */ = {
			isa = XCBuildConfiguration;
			buildSettings = {
				BUNDLE_LOADER = "$(TEST_HOST)";
				INFOPLIST_FILE = "席替えTests/Info.plist";
				LD_RUNPATH_SEARCH_PATHS = "$(inherited) @executable_path/Frameworks @loader_path/Frameworks";
				PRODUCT_BUNDLE_IDENTIFIER = "Tomatsu-Junki.---Tests";
				PRODUCT_NAME = "$(TARGET_NAME)";
				TEST_HOST = "$(BUILT_PRODUCTS_DIR)/席替え.app/席替え";
			};
			name = Release;
		};
		23C20ABD1C5C70E400ECE859 /* Debug */ = {
			isa = XCBuildConfiguration;
			buildSettings = {
				INFOPLIST_FILE = "席替えUITests/Info.plist";
				LD_RUNPATH_SEARCH_PATHS = "$(inherited) @executable_path/Frameworks @loader_path/Frameworks";
				PRODUCT_BUNDLE_IDENTIFIER = "Tomatsu-Junki.---UITests";
				PRODUCT_NAME = "$(TARGET_NAME)";
				TEST_TARGET_NAME = "席替え";
				USES_XCTRUNNER = YES;
			};
			name = Debug;
		};
		23C20ABE1C5C70E400ECE859 /* Release */ = {
			isa = XCBuildConfiguration;
			buildSettings = {
				INFOPLIST_FILE = "席替えUITests/Info.plist";
				LD_RUNPATH_SEARCH_PATHS = "$(inherited) @executable_path/Frameworks @loader_path/Frameworks";
				PRODUCT_BUNDLE_IDENTIFIER = "Tomatsu-Junki.---UITests";
				PRODUCT_NAME = "$(TARGET_NAME)";
				TEST_TARGET_NAME = "席替え";
				USES_XCTRUNNER = YES;
			};
			name = Release;
		};
/* End XCBuildConfiguration section */

/* Begin XCConfigurationList section */
		23C20A891C5C70E300ECE859 /* Build configuration list for PBXProject "席替え" */ = {
			isa = XCConfigurationList;
			buildConfigurations = (
				23C20AB41C5C70E400ECE859 /* Debug */,
				23C20AB51C5C70E400ECE859 /* Release */,
			);
			defaultConfigurationIsVisible = 0;
			defaultConfigurationName = Release;
		};
		23C20AB61C5C70E400ECE859 /* Build configuration list for PBXNativeTarget "席替え" */ = {
			isa = XCConfigurationList;
			buildConfigurations = (
				23C20AB71C5C70E400ECE859 /* Debug */,
				23C20AB81C5C70E400ECE859 /* Release */,
			);
			defaultConfigurationIsVisible = 0;
			defaultConfigurationName = Release;
		};
		23C20AB91C5C70E400ECE859 /* Build configuration list for PBXNativeTarget "席替えTests" */ = {
			isa = XCConfigurationList;
			buildConfigurations = (
				23C20ABA1C5C70E400ECE859 /* Debug */,
				23C20ABB1C5C70E400ECE859 /* Release */,
			);
			defaultConfigurationIsVisible = 0;
			defaultConfigurationName = Release;
		};
		23C20ABC1C5C70E400ECE859 /* Build configuration list for PBXNativeTarget "席替えUITests" */ = {
			isa = XCConfigurationList;
			buildConfigurations = (
				23C20ABD1C5C70E400ECE859 /* Debug */,
				23C20ABE1C5C70E400ECE859 /* Release */,
			);
			defaultConfigurationIsVisible = 0;
			defaultConfigurationName = Release;
		};
/* End XCConfigurationList section */
	};
	rootObject = 23C20A861C5C70E300ECE859 /* Project object */;
}
